
Microsoft Visual Studio Solution File, Format Version 12.00
# Visual Studio 15
VisualStudioVersion = 15.0.27703.2018
MinimumVisualStudioVersion = 10.0.40219.1
Project("{FAE04EC0-301F-11D3-BF4B-00C04F79EFBC}") = "TurningEdge", "..\TurningEdge\TurningEdge.csproj", "{E6869595-840E-4734-A4DC-9E125DC34DCC}"
EndProject
Project("{FAE04EC0-301F-11D3-BF4B-00C04F79EFBC}") = "TurningEdge.ImageLib.Models", "TurningEdge.ImageLib.Models\TurningEdge.ImageLib.Models.csproj", "{D9C0175A-35CB-4A19-9ED0-5AFBD30F41B3}"
EndProject
Project("{FAE04EC0-301F-11D3-BF4B-00C04F79EFBC}") = "TurningEdge.ImageLib.Pipeline", "TurningEdge.ImageLib.Pipeline\TurningEdge.ImageLib.Pipeline.csproj", "{C4151EBD-10FF-4C4F-90BB-0E57A847469D}"
EndProject
Project("{FAE04EC0-301F-11D3-BF4B-00C04F79EFBC}") = "TurningEdge.Modeling.Common", "..\TurningEdge.Modeling\TurningEdge.Modeling.Common\TurningEdge.Modeling.Common.csproj", "{21C803CD-E0FC-497E-8C50-A34BF4197413}"
EndProject
Global
	GlobalSection(SolutionConfigurationPlatforms) = preSolution
		Debug|Any CPU = Debug|Any CPU
		Release|Any CPU = Release|Any CPU
	EndGlobalSection
	GlobalSection(ProjectConfigurationPlatforms) = postSolution
		{E6869595-840E-4734-A4DC-9E125DC34DCC}.Debug|Any CPU.ActiveCfg = Debug|Any CPU
		{E6869595-840E-4734-A4DC-9E125DC34DCC}.Debug|Any CPU.Build.0 = Debug|Any CPU
		{E6869595-840E-4734-A4DC-9E125DC34DCC}.Release|Any CPU.ActiveCfg = Release|Any CPU
		{E6869595-840E-4734-A4DC-9E125DC34DCC}.Release|Any CPU.Build.0 = Release|Any CPU
		{D9C0175A-35CB-4A19-9ED0-5AFBD30F41B3}.Debug|Any CPU.ActiveCfg = Debug|Any CPU
		{D9C0175A-35CB-4A19-9ED0-5AFBD30F41B3}.Debug|Any CPU.Build.0 = Debug|Any CPU
		{D9C0175A-35CB-4A19-9ED0-5AFBD30F41B3}.Release|Any CPU.ActiveCfg = Release|Any CPU
		{D9C0175A-35CB-4A19-9ED0-5AFBD30F41B3}.Release|Any CPU.Build.0 = Release|Any CPU
		{C4151EBD-10FF-4C4F-90BB-0E57A847469D}.Debug|Any CPU.ActiveCfg = Debug|Any CPU
		{C4151EBD-10FF-4C4F-90BB-0E57A847469D}.Debug|Any CPU.Build.0 = Debug|Any CPU
		{C4151EBD-10FF-4C4F-90BB-0E57A847469D}.Release|Any CPU.ActiveCfg = Release|Any CPU
		{C4151EBD-10FF-4C4F-90BB-0E57A847469D}.Release|Any CPU.Build.0 = Release|Any CPU
		{21C803CD-E0FC-497E-8C50-A34BF4197413}.Debug|Any CPU.ActiveCfg = Debug|Any CPU
		{21C803CD-E0FC-497E-8C50-A34BF4197413}.Debug|Any CPU.Build.0 = Debug|Any CPU
		{21C803CD-E0FC-497E-8C50-A34BF4197413}.Release|Any CPU.ActiveCfg = Release|Any CPU
		{21C803CD-E0FC-497E-8C50-A34BF4197413}.Release|Any CPU.Build.0 = Release|Any CPU
	EndGlobalSection
	GlobalSection(SolutionProperties) = preSolution
		HideSolutionNode = FALSE
	EndGlobalSection
	GlobalSection(ExtensibilityGlobals) = postSolution
		SolutionGuid = {478E9362-86CC-453E-BE40-9DA9EC42898E}
	EndGlobalSection
EndGlobal
